
Microsoft Visual Studio Solution File, Format Version 11.00
# Visual Studio 2010
Project("{8BC9CEB8-8B4A-11D0-8D11-00A0C91BC942}") = "Activator", "Activator\Activator.vcxproj", "{D2D118F4-F55B-4CA3-A1EF-C63FB2A83F8F}"
	ProjectSection(ProjectDependencies) = postProject
		{9BA12302-F4B7-4CC2-BB8F-D7235E6787FD} = {9BA12302-F4B7-4CC2-BB8F-D7235E6787FD}
	EndProjectSection
EndProject
Project("{8BC9CEB8-8B4A-11D0-8D11-00A0C91BC942}") = "generator", "..\generator\generator.vcxproj", "{9BA12302-F4B7-4CC2-BB8F-D7235E6787FD}"
EndProject
Global
	GlobalSection(SolutionConfigurationPlatforms) = preSolution
		Debug|Win32 = Debug|Win32
		Debug|x64 = Debug|x64
		Release|Win32 = Release|Win32
		Release|x64 = Release|x64
	EndGlobalSection
	GlobalSection(ProjectConfigurationPlatforms) = postSolution
		{D2D118F4-F55B-4CA3-A1EF-C63FB2A83F8F}.Debug|Win32.ActiveCfg = Debug|Win32
		{D2D118F4-F55B-4CA3-A1EF-C63FB2A83F8F}.Debug|Win32.Build.0 = Debug|Win32
		{D2D118F4-F55B-4CA3-A1EF-C63FB2A83F8F}.Debug|x64.ActiveCfg = Debug|x64
		{D2D118F4-F55B-4CA3-A1EF-C63FB2A83F8F}.Debug|x64.Build.0 = Debug|x64
		{D2D118F4-F55B-4CA3-A1EF-C63FB2A83F8F}.Release|Win32.ActiveCfg = Release|Win32
		{D2D118F4-F55B-4CA3-A1EF-C63FB2A83F8F}.Release|Win32.Build.0 = Release|Win32
		{D2D118F4-F55B-4CA3-A1EF-C63FB2A83F8F}.Release|x64.ActiveCfg = Release|x64
		{D2D118F4-F55B-4CA3-A1EF-C63FB2A83F8F}.Release|x64.Build.0 = Release|x64
		{9BA12302-F4B7-4CC2-BB8F-D7235E6787FD}.Debug|Win32.ActiveCfg = Debug|Win32
		{9BA12302-F4B7-4CC2-BB8F-D7235E6787FD}.Debug|Win32.Build.0 = Debug|Win32
		{9BA12302-F4B7-4CC2-BB8F-D7235E6787FD}.Debug|x64.ActiveCfg = Debug|x64
		{9BA12302-F4B7-4CC2-BB8F-D7235E6787FD}.Debug|x64.Build.0 = Debug|x64
		{9BA12302-F4B7-4CC2-BB8F-D7235E6787FD}.Release|Win32.ActiveCfg = Release|Win32
		{9BA12302-F4B7-4CC2-BB8F-D7235E6787FD}.Release|Win32.Build.0 = Release|Win32
		{9BA12302-F4B7-4CC2-BB8F-D7235E6787FD}.Release|x64.ActiveCfg = Release|x64
		{9BA12302-F4B7-4CC2-BB8F-D7235E6787FD}.Release|x64.Build.0 = Release|x64
	EndGlobalSection
	GlobalSection(SolutionProperties) = preSolution
		HideSolutionNode = FALSE
	EndGlobalSection
EndGlobal
